// !$*UTF8*$!
{
	archiveVersion = 1;
	classes = {
	};
	objectVersion = 56;
	objects = {

/* Begin PBXBuildFile section */
		77510A202902BBCF00EAFE09 /* EditingViewController.swift in Sources */ = {isa = PBXBuildFile; fileRef = 77510A1F2902BBCF00EAFE09 /* EditingViewController.swift */; };
		7763076E290F987F0095B4B0 /* PickerViewTableViewCell.swift in Sources */ = {isa = PBXBuildFile; fileRef = 7763076D290F987F0095B4B0 /* PickerViewTableViewCell.swift */; };
		77630770290FAE1D0095B4B0 /* GenderPickerView.swift in Sources */ = {isa = PBXBuildFile; fileRef = 7763076F290FAE1D0095B4B0 /* GenderPickerView.swift */; };
		77630772290FB1270095B4B0 /* GenderTextField.swift in Sources */ = {isa = PBXBuildFile; fileRef = 77630771290FB1270095B4B0 /* GenderTextField.swift */; };
		77643F5C290E82850059AA24 /* DatePckerTableViewCell.swift in Sources */ = {isa = PBXBuildFile; fileRef = 77643F5B290E82850059AA24 /* DatePckerTableViewCell.swift */; };
		77678C682911010400FAED14 /* EditingTableView.swift in Sources */ = {isa = PBXBuildFile; fileRef = 77678C672911010400FAED14 /* EditingTableView.swift */; };
		77678C6C291119FD00FAED14 /* UserModel.swift in Sources */ = {isa = PBXBuildFile; fileRef = 77678C6B291119FD00FAED14 /* UserModel.swift */; };
		77678C7029111E1C00FAED14 /* UserDefaultsHelper.swift in Sources */ = {isa = PBXBuildFile; fileRef = 77678C6F29111E1C00FAED14 /* UserDefaultsHelper.swift */; };
		776C936D2917AC8F00EC76D4 /* UIViewController+Extancions.swift in Sources */ = {isa = PBXBuildFile; fileRef = 776C936C2917AC8F00EC76D4 /* UIViewController+Extancions.swift */; };
		776C936F2917B19600EC76D4 /* UIBarButton-Extancions.swift in Sources */ = {isa = PBXBuildFile; fileRef = 776C936E2917B19600EC76D4 /* UIBarButton-Extancions.swift */; };
		77713F7A290BCA4E0082F227 /* TextViewTableViewCell.swift in Sources */ = {isa = PBXBuildFile; fileRef = 77713F79290BCA4E0082F227 /* TextViewTableViewCell.swift */; };
		77886243290D7D3800842A03 /* NameTextView.swift in Sources */ = {isa = PBXBuildFile; fileRef = 77886242290D7D3800842A03 /* NameTextView.swift */; };
		779B279429026702000F855C /* AppDelegate.swift in Sources */ = {isa = PBXBuildFile; fileRef = 779B279329026702000F855C /* AppDelegate.swift */; };
		779B279829026702000F855C /* MainTableViewController.swift in Sources */ = {isa = PBXBuildFile; fileRef = 779B279729026702000F855C /* MainTableViewController.swift */; };
		779B279D29026707000F855C /* Assets.xcassets in Resources */ = {isa = PBXBuildFile; fileRef = 779B279C29026707000F855C /* Assets.xcassets */; };
		779B27A029026707000F855C /* LaunchScreen.storyboard in Resources */ = {isa = PBXBuildFile; fileRef = 779B279E29026707000F855C /* LaunchScreen.storyboard */; };
		779B27AB29026708000F855C /* Test_Task__1Tests.swift in Sources */ = {isa = PBXBuildFile; fileRef = 779B27AA29026708000F855C /* Test_Task__1Tests.swift */; };
		779B27B529026708000F855C /* Test_Task__1UITests.swift in Sources */ = {isa = PBXBuildFile; fileRef = 779B27B429026708000F855C /* Test_Task__1UITests.swift */; };
		779B27B729026708000F855C /* Test_Task__1UITestsLaunchTests.swift in Sources */ = {isa = PBXBuildFile; fileRef = 779B27B629026708000F855C /* Test_Task__1UITestsLaunchTests.swift */; };
		77B5659C29027775003B0E35 /* Resources.swift in Sources */ = {isa = PBXBuildFile; fileRef = 77B5659B29027775003B0E35 /* Resources.swift */; };
		77B5659F29027BBB003B0E35 /* MainTableViewCell.swift in Sources */ = {isa = PBXBuildFile; fileRef = 77B5659E29027BBB003B0E35 /* MainTableViewCell.swift */; };
		77B565A329029BC1003B0E35 /* UIView + Extancions.swift in Sources */ = {isa = PBXBuildFile; fileRef = 77B565A229029BC1003B0E35 /* UIView + Extancions.swift */; };
/* End PBXBuildFile section */

/* Begin PBXContainerItemProxy section */
		779B27A729026708000F855C /* PBXContainerItemProxy */ = {
			isa = PBXContainerItemProxy;
			containerPortal = 779B278829026701000F855C /* Project object */;
			proxyType = 1;
			remoteGlobalIDString = 779B278F29026702000F855C;
			remoteInfo = "Test Task #1";
		};
		779B27B129026708000F855C /* PBXContainerItemProxy */ = {
			isa = PBXContainerItemProxy;
			containerPortal = 779B278829026701000F855C /* Project object */;
			proxyType = 1;
			remoteGlobalIDString = 779B278F29026702000F855C;
			remoteInfo = "Test Task #1";
		};
/* End PBXContainerItemProxy section */

/* Begin PBXFileReference section */
		77510A1F2902BBCF00EAFE09 /* EditingViewController.swift */ = {isa = PBXFileReference; lastKnownFileType = sourcecode.swift; path = EditingViewController.swift; sourceTree = "<group>"; };
		7763076D290F987F0095B4B0 /* PickerViewTableViewCell.swift */ = {isa = PBXFileReference; lastKnownFileType = sourcecode.swift; path = PickerViewTableViewCell.swift; sourceTree = "<group>"; };
		7763076F290FAE1D0095B4B0 /* GenderPickerView.swift */ = {isa = PBXFileReference; lastKnownFileType = sourcecode.swift; path = GenderPickerView.swift; sourceTree = "<group>"; };
		77630771290FB1270095B4B0 /* GenderTextField.swift */ = {isa = PBXFileReference; lastKnownFileType = sourcecode.swift; path = GenderTextField.swift; sourceTree = "<group>"; };
		77643F5B290E82850059AA24 /* DatePckerTableViewCell.swift */ = {isa = PBXFileReference; lastKnownFileType = sourcecode.swift; path = DatePckerTableViewCell.swift; sourceTree = "<group>"; };
		77678C672911010400FAED14 /* EditingTableView.swift */ = {isa = PBXFileReference; lastKnownFileType = sourcecode.swift; path = EditingTableView.swift; sourceTree = "<group>"; };
		77678C6B291119FD00FAED14 /* UserModel.swift */ = {isa = PBXFileReference; lastKnownFileType = sourcecode.swift; path = UserModel.swift; sourceTree = "<group>"; };
		77678C6F29111E1C00FAED14 /* UserDefaultsHelper.swift */ = {isa = PBXFileReference; lastKnownFileType = sourcecode.swift; path = UserDefaultsHelper.swift; sourceTree = "<group>"; };
		776C936C2917AC8F00EC76D4 /* UIViewController+Extancions.swift */ = {isa = PBXFileReference; lastKnownFileType = sourcecode.swift; path = "UIViewController+Extancions.swift"; sourceTree = "<group>"; };
		776C936E2917B19600EC76D4 /* UIBarButton-Extancions.swift */ = {isa = PBXFileReference; lastKnownFileType = sourcecode.swift; path = "UIBarButton-Extancions.swift"; sourceTree = "<group>"; };
		77713F79290BCA4E0082F227 /* TextViewTableViewCell.swift */ = {isa = PBXFileReference; lastKnownFileType = sourcecode.swift; path = TextViewTableViewCell.swift; sourceTree = "<group>"; };
		77886242290D7D3800842A03 /* NameTextView.swift */ = {isa = PBXFileReference; lastKnownFileType = sourcecode.swift; path = NameTextView.swift; sourceTree = "<group>"; };
		779B279029026702000F855C /* Test Task #1.app */ = {isa = PBXFileReference; explicitFileType = wrapper.application; includeInIndex = 0; path = "Test Task #1.app"; sourceTree = BUILT_PRODUCTS_DIR; };
		779B279329026702000F855C /* AppDelegate.swift */ = {isa = PBXFileReference; lastKnownFileType = sourcecode.swift; path = AppDelegate.swift; sourceTree = "<group>"; };
		779B279729026702000F855C /* MainTableViewController.swift */ = {isa = PBXFileReference; lastKnownFileType = sourcecode.swift; path = MainTableViewController.swift; sourceTree = "<group>"; };
		779B279C29026707000F855C /* Assets.xcassets */ = {isa = PBXFileReference; lastKnownFileType = folder.assetcatalog; path = Assets.xcassets; sourceTree = "<group>"; };
		779B279F29026707000F855C /* Base */ = {isa = PBXFileReference; lastKnownFileType = file.storyboard; name = Base; path = Base.lproj/LaunchScreen.storyboard; sourceTree = "<group>"; };
		779B27A129026707000F855C /* Info.plist */ = {isa = PBXFileReference; lastKnownFileType = text.plist.xml; path = Info.plist; sourceTree = "<group>"; };
		779B27A629026708000F855C /* Test Task #1Tests.xctest */ = {isa = PBXFileReference; explicitFileType = wrapper.cfbundle; includeInIndex = 0; path = "Test Task #1Tests.xctest"; sourceTree = BUILT_PRODUCTS_DIR; };
		779B27AA29026708000F855C /* Test_Task__1Tests.swift */ = {isa = PBXFileReference; lastKnownFileType = sourcecode.swift; path = Test_Task__1Tests.swift; sourceTree = "<group>"; };
		779B27B029026708000F855C /* Test Task #1UITests.xctest */ = {isa = PBXFileReference; explicitFileType = wrapper.cfbundle; includeInIndex = 0; path = "Test Task #1UITests.xctest"; sourceTree = BUILT_PRODUCTS_DIR; };
		779B27B429026708000F855C /* Test_Task__1UITests.swift */ = {isa = PBXFileReference; lastKnownFileType = sourcecode.swift; path = Test_Task__1UITests.swift; sourceTree = "<group>"; };
		779B27B629026708000F855C /* Test_Task__1UITestsLaunchTests.swift */ = {isa = PBXFileReference; lastKnownFileType = sourcecode.swift; path = Test_Task__1UITestsLaunchTests.swift; sourceTree = "<group>"; };
		77B5659B29027775003B0E35 /* Resources.swift */ = {isa = PBXFileReference; lastKnownFileType = sourcecode.swift; path = Resources.swift; sourceTree = "<group>"; };
		77B5659E29027BBB003B0E35 /* MainTableViewCell.swift */ = {isa = PBXFileReference; lastKnownFileType = sourcecode.swift; path = MainTableViewCell.swift; sourceTree = "<group>"; };
		77B565A229029BC1003B0E35 /* UIView + Extancions.swift */ = {isa = PBXFileReference; lastKnownFileType = sourcecode.swift; path = "UIView + Extancions.swift"; sourceTree = "<group>"; };
/* End PBXFileReference section */

/* Begin PBXFrameworksBuildPhase section */
		779B278D29026702000F855C /* Frameworks */ = {
			isa = PBXFrameworksBuildPhase;
			buildActionMask = 2147483647;
			files = (
			);
			runOnlyForDeploymentPostprocessing = 0;
		};
		779B27A329026708000F855C /* Frameworks */ = {
			isa = PBXFrameworksBuildPhase;
			buildActionMask = 2147483647;
			files = (
			);
			runOnlyForDeploymentPostprocessing = 0;
		};
		779B27AD29026708000F855C /* Frameworks */ = {
			isa = PBXFrameworksBuildPhase;
			buildActionMask = 2147483647;
			files = (
			);
			runOnlyForDeploymentPostprocessing = 0;
		};
/* End PBXFrameworksBuildPhase section */

/* Begin PBXGroup section */
		77510A1D2902BB9200EAFE09 /* EditingModule */ = {
			isa = PBXGroup;
			children = (
				77713F77290BCA0D0082F227 /* Views */,
				77510A1E2902BBAB00EAFE09 /* Controllers */,
			);
			path = EditingModule;
			sourceTree = "<group>";
		};
		77510A1E2902BBAB00EAFE09 /* Controllers */ = {
			isa = PBXGroup;
			children = (
				77510A1F2902BBCF00EAFE09 /* EditingViewController.swift */,
			);
			path = Controllers;
			sourceTree = "<group>";
		};
		77678C69291119A600FAED14 /* Models */ = {
			isa = PBXGroup;
			children = (
				77678C6B291119FD00FAED14 /* UserModel.swift */,
			);
			path = Models;
			sourceTree = "<group>";
		};
		77678C6D29111DD600FAED14 /* Services */ = {
			isa = PBXGroup;
			children = (
				77678C6F29111E1C00FAED14 /* UserDefaultsHelper.swift */,
			);
			path = Services;
			sourceTree = "<group>";
		};
		77713F77290BCA0D0082F227 /* Views */ = {
			isa = PBXGroup;
			children = (
				77713F78290BCA1E0082F227 /* Cells */,
				77886242290D7D3800842A03 /* NameTextView.swift */,
				7763076F290FAE1D0095B4B0 /* GenderPickerView.swift */,
				77630771290FB1270095B4B0 /* GenderTextField.swift */,
				77678C672911010400FAED14 /* EditingTableView.swift */,
			);
			path = Views;
			sourceTree = "<group>";
		};
		77713F78290BCA1E0082F227 /* Cells */ = {
			isa = PBXGroup;
			children = (
				77713F79290BCA4E0082F227 /* TextViewTableViewCell.swift */,
				77643F5B290E82850059AA24 /* DatePckerTableViewCell.swift */,
				7763076D290F987F0095B4B0 /* PickerViewTableViewCell.swift */,
			);
			path = Cells;
			sourceTree = "<group>";
		};
		779B278729026701000F855C = {
			isa = PBXGroup;
			children = (
				779B279229026702000F855C /* Test Task #1 */,
				779B27A929026708000F855C /* Test Task #1Tests */,
				779B27B329026708000F855C /* Test Task #1UITests */,
				779B279129026702000F855C /* Products */,
			);
			sourceTree = "<group>";
		};
		779B279129026702000F855C /* Products */ = {
			isa = PBXGroup;
			children = (
				779B279029026702000F855C /* Test Task #1.app */,
				779B27A629026708000F855C /* Test Task #1Tests.xctest */,
				779B27B029026708000F855C /* Test Task #1UITests.xctest */,
			);
			name = Products;
			sourceTree = "<group>";
		};
		779B279229026702000F855C /* Test Task #1 */ = {
			isa = PBXGroup;
			children = (
				77B565A029029B82003B0E35 /* Extancions */,
				779B27C329026AC9000F855C /* Application */,
				779B27C629026D8C000F855C /* MainModel */,
				77510A1D2902BB9200EAFE09 /* EditingModule */,
				77B5659A29027758003B0E35 /* Resources */,
				77678C6D29111DD600FAED14 /* Services */,
				779B27C529026B53000F855C /* SupportingFiles */,
			);
			path = "Test Task #1";
			sourceTree = "<group>";
		};
		779B27A929026708000F855C /* Test Task #1Tests */ = {
			isa = PBXGroup;
			children = (
				779B27AA29026708000F855C /* Test_Task__1Tests.swift */,
			);
			path = "Test Task #1Tests";
			sourceTree = "<group>";
		};
		779B27B329026708000F855C /* Test Task #1UITests */ = {
			isa = PBXGroup;
			children = (
				779B27B429026708000F855C /* Test_Task__1UITests.swift */,
				779B27B629026708000F855C /* Test_Task__1UITestsLaunchTests.swift */,
			);
			path = "Test Task #1UITests";
			sourceTree = "<group>";
		};
		779B27C329026AC9000F855C /* Application */ = {
			isa = PBXGroup;
			children = (
				779B279329026702000F855C /* AppDelegate.swift */,
			);
			path = Application;
			sourceTree = "<group>";
		};
		779B27C529026B53000F855C /* SupportingFiles */ = {
			isa = PBXGroup;
			children = (
				779B279C29026707000F855C /* Assets.xcassets */,
				779B279E29026707000F855C /* LaunchScreen.storyboard */,
				779B27A129026707000F855C /* Info.plist */,
			);
			path = SupportingFiles;
			sourceTree = "<group>";
		};
		779B27C629026D8C000F855C /* MainModel */ = {
			isa = PBXGroup;
			children = (
				77678C69291119A600FAED14 /* Models */,
				77B5659D29027B8F003B0E35 /* Views */,
				779B27C729026DA5000F855C /* Controllers */,
			);
			path = MainModel;
			sourceTree = "<group>";
		};
		779B27C729026DA5000F855C /* Controllers */ = {
			isa = PBXGroup;
			children = (
				779B279729026702000F855C /* MainTableViewController.swift */,
			);
			path = Controllers;
			sourceTree = "<group>";
		};
		77B5659A29027758003B0E35 /* Resources */ = {
			isa = PBXGroup;
			children = (
				77B5659B29027775003B0E35 /* Resources.swift */,
			);
			path = Resources;
			sourceTree = "<group>";
		};
		77B5659D29027B8F003B0E35 /* Views */ = {
			isa = PBXGroup;
			children = (
				77B5659E29027BBB003B0E35 /* MainTableViewCell.swift */,
			);
			path = Views;
			sourceTree = "<group>";
		};
		77B565A029029B82003B0E35 /* Extancions */ = {
			isa = PBXGroup;
			children = (
				77B565A129029B94003B0E35 /* UIKit */,
			);
			path = Extancions;
			sourceTree = "<group>";
		};
		77B565A129029B94003B0E35 /* UIKit */ = {
			isa = PBXGroup;
			children = (
				77B565A229029BC1003B0E35 /* UIView + Extancions.swift */,
				776C936C2917AC8F00EC76D4 /* UIViewController+Extancions.swift */,
				776C936E2917B19600EC76D4 /* UIBarButton-Extancions.swift */,
			);
			path = UIKit;
			sourceTree = "<group>";
		};
/* End PBXGroup section */

/* Begin PBXNativeTarget section */
		779B278F29026702000F855C /* Test Task #1 */ = {
			isa = PBXNativeTarget;
			buildConfigurationList = 779B27BA29026708000F855C /* Build configuration list for PBXNativeTarget "Test Task #1" */;
			buildPhases = (
				779B278C29026702000F855C /* Sources */,
				779B278D29026702000F855C /* Frameworks */,
				779B278E29026702000F855C /* Resources */,
			);
			buildRules = (
			);
			dependencies = (
			);
			name = "Test Task #1";
			productName = "Test Task #1";
			productReference = 779B279029026702000F855C /* Test Task #1.app */;
			productType = "com.apple.product-type.application";
		};
		779B27A529026708000F855C /* Test Task #1Tests */ = {
			isa = PBXNativeTarget;
			buildConfigurationList = 779B27BD29026708000F855C /* Build configuration list for PBXNativeTarget "Test Task #1Tests" */;
			buildPhases = (
				779B27A229026708000F855C /* Sources */,
				779B27A329026708000F855C /* Frameworks */,
				779B27A429026708000F855C /* Resources */,
			);
			buildRules = (
			);
			dependencies = (
				779B27A829026708000F855C /* PBXTargetDependency */,
			);
			name = "Test Task #1Tests";
			productName = "Test Task #1Tests";
			productReference = 779B27A629026708000F855C /* Test Task #1Tests.xctest */;
			productType = "com.apple.product-type.bundle.unit-test";
		};
		779B27AF29026708000F855C /* Test Task #1UITests */ = {
			isa = PBXNativeTarget;
			buildConfigurationList = 779B27C029026708000F855C /* Build configuration list for PBXNativeTarget "Test Task #1UITests" */;
			buildPhases = (
				779B27AC29026708000F855C /* Sources */,
				779B27AD29026708000F855C /* Frameworks */,
				779B27AE29026708000F855C /* Resources */,
			);
			buildRules = (
			);
			dependencies = (
				779B27B229026708000F855C /* PBXTargetDependency */,
			);
			name = "Test Task #1UITests";
			productName = "Test Task #1UITests";
			productReference = 779B27B029026708000F855C /* Test Task #1UITests.xctest */;
			productType = "com.apple.product-type.bundle.ui-testing";
		};
/* End PBXNativeTarget section */

/* Begin PBXProject section */
		779B278829026701000F855C /* Project object */ = {
			isa = PBXProject;
			attributes = {
				BuildIndependentTargetsInParallel = 1;
				LastSwiftUpdateCheck = 1400;
				LastUpgradeCheck = 1400;
				TargetAttributes = {
					779B278F29026702000F855C = {
						CreatedOnToolsVersion = 14.0;
					};
					779B27A529026708000F855C = {
						CreatedOnToolsVersion = 14.0;
						TestTargetID = 779B278F29026702000F855C;
					};
					779B27AF29026708000F855C = {
						CreatedOnToolsVersion = 14.0;
						TestTargetID = 779B278F29026702000F855C;
					};
				};
			};
			buildConfigurationList = 779B278B29026701000F855C /* Build configuration list for PBXProject "Test Task #1" */;
			compatibilityVersion = "Xcode 14.0";
			developmentRegion = en;
			hasScannedForEncodings = 0;
			knownRegions = (
				en,
				Base,
			);
			mainGroup = 779B278729026701000F855C;
			productRefGroup = 779B279129026702000F855C /* Products */;
			projectDirPath = "";
			projectRoot = "";
			targets = (
				779B278F29026702000F855C /* Test Task #1 */,
				779B27A529026708000F855C /* Test Task #1Tests */,
				779B27AF29026708000F855C /* Test Task #1UITests */,
			);
		};
/* End PBXProject section */

/* Begin PBXResourcesBuildPhase section */
		779B278E29026702000F855C /* Resources */ = {
			isa = PBXResourcesBuildPhase;
			buildActionMask = 2147483647;
			files = (
				779B27A029026707000F855C /* LaunchScreen.storyboard in Resources */,
				779B279D29026707000F855C /* Assets.xcassets in Resources */,
			);
			runOnlyForDeploymentPostprocessing = 0;
		};
		779B27A429026708000F855C /* Resources */ = {
			isa = PBXResourcesBuildPhase;
			buildActionMask = 2147483647;
			files = (
			);
			runOnlyForDeploymentPostprocessing = 0;
		};
		779B27AE29026708000F855C /* Resources */ = {
			isa = PBXResourcesBuildPhase;
			buildActionMask = 2147483647;
			files = (
			);
			runOnlyForDeploymentPostprocessing = 0;
		};
/* End PBXResourcesBuildPhase section */

/* Begin PBXSourcesBuildPhase section */
		779B278C29026702000F855C /* Sources */ = {
			isa = PBXSourcesBuildPhase;
			buildActionMask = 2147483647;
			files = (
				776C936D2917AC8F00EC76D4 /* UIViewController+Extancions.swift in Sources */,
				77678C7029111E1C00FAED14 /* UserDefaultsHelper.swift in Sources */,
				77B565A329029BC1003B0E35 /* UIView + Extancions.swift in Sources */,
				77B5659C29027775003B0E35 /* Resources.swift in Sources */,
				77510A202902BBCF00EAFE09 /* EditingViewController.swift in Sources */,
				77643F5C290E82850059AA24 /* DatePckerTableViewCell.swift in Sources */,
				77630770290FAE1D0095B4B0 /* GenderPickerView.swift in Sources */,
				776C936F2917B19600EC76D4 /* UIBarButton-Extancions.swift in Sources */,
				779B279829026702000F855C /* MainTableViewController.swift in Sources */,
				77B5659F29027BBB003B0E35 /* MainTableViewCell.swift in Sources */,
				7763076E290F987F0095B4B0 /* PickerViewTableViewCell.swift in Sources */,
				77678C6C291119FD00FAED14 /* UserModel.swift in Sources */,
				77713F7A290BCA4E0082F227 /* TextViewTableViewCell.swift in Sources */,
				77678C682911010400FAED14 /* EditingTableView.swift in Sources */,
				77886243290D7D3800842A03 /* NameTextView.swift in Sources */,
				77630772290FB1270095B4B0 /* GenderTextField.swift in Sources */,
				779B279429026702000F855C /* AppDelegate.swift in Sources */,
			);
			runOnlyForDeploymentPostprocessing = 0;
		};
		779B27A229026708000F855C /* Sources */ = {
			isa = PBXSourcesBuildPhase;
			buildActionMask = 2147483647;
			files = (
				779B27AB29026708000F855C /* Test_Task__1Tests.swift in Sources */,
			);
			runOnlyForDeploymentPostprocessing = 0;
		};
		779B27AC29026708000F855C /* Sources */ = {
			isa = PBXSourcesBuildPhase;
			buildActionMask = 2147483647;
			files = (
				779B27B529026708000F855C /* Test_Task__1UITests.swift in Sources */,
				779B27B729026708000F855C /* Test_Task__1UITestsLaunchTests.swift in Sources */,
			);
			runOnlyForDeploymentPostprocessing = 0;
		};
/* End PBXSourcesBuildPhase section */

/* Begin PBXTargetDependency section */
		779B27A829026708000F855C /* PBXTargetDependency */ = {
			isa = PBXTargetDependency;
			target = 779B278F29026702000F855C /* Test Task #1 */;
			targetProxy = 779B27A729026708000F855C /* PBXContainerItemProxy */;
		};
		779B27B229026708000F855C /* PBXTargetDependency */ = {
			isa = PBXTargetDependency;
			target = 779B278F29026702000F855C /* Test Task #1 */;
			targetProxy = 779B27B129026708000F855C /* PBXContainerItemProxy */;
		};
/* End PBXTargetDependency section */

/* Begin PBXVariantGroup section */
		779B279E29026707000F855C /* LaunchScreen.storyboard */ = {
			isa = PBXVariantGroup;
			children = (
				779B279F29026707000F855C /* Base */,
			);
			name = LaunchScreen.storyboard;
			sourceTree = "<group>";
		};
/* End PBXVariantGroup section */

/* Begin XCBuildConfiguration section */
		779B27B829026708000F855C /* Debug */ = {
			isa = XCBuildConfiguration;
			buildSettings = {
				ALWAYS_SEARCH_USER_PATHS = NO;
				CLANG_ANALYZER_NONNULL = YES;
				CLANG_ANALYZER_NUMBER_OBJECT_CONVERSION = YES_AGGRESSIVE;
				CLANG_CXX_LANGUAGE_STANDARD = "gnu++20";
				CLANG_ENABLE_MODULES = YES;
				CLANG_ENABLE_OBJC_ARC = YES;
				CLANG_ENABLE_OBJC_WEAK = YES;
				CLANG_WARN_BLOCK_CAPTURE_AUTORELEASING = YES;
				CLANG_WARN_BOOL_CONVERSION = YES;
				CLANG_WARN_COMMA = YES;
				CLANG_WARN_CONSTANT_CONVERSION = YES;
				CLANG_WARN_DEPRECATED_OBJC_IMPLEMENTATIONS = YES;
				CLANG_WARN_DIRECT_OBJC_ISA_USAGE = YES_ERROR;
				CLANG_WARN_DOCUMENTATION_COMMENTS = YES;
				CLANG_WARN_EMPTY_BODY = YES;
				CLANG_WARN_ENUM_CONVERSION = YES;
				CLANG_WARN_INFINITE_RECURSION = YES;
				CLANG_WARN_INT_CONVERSION = YES;
				CLANG_WARN_NON_LITERAL_NULL_CONVERSION = YES;
				CLANG_WARN_OBJC_IMPLICIT_RETAIN_SELF = YES;
				CLANG_WARN_OBJC_LITERAL_CONVERSION = YES;
				CLANG_WARN_OBJC_ROOT_CLASS = YES_ERROR;
				CLANG_WARN_QUOTED_INCLUDE_IN_FRAMEWORK_HEADER = YES;
				CLANG_WARN_RANGE_LOOP_ANALYSIS = YES;
				CLANG_WARN_STRICT_PROTOTYPES = YES;
				CLANG_WARN_SUSPICIOUS_MOVE = YES;
				CLANG_WARN_UNGUARDED_AVAILABILITY = YES_AGGRESSIVE;
				CLANG_WARN_UNREACHABLE_CODE = YES;
				CLANG_WARN__DUPLICATE_METHOD_MATCH = YES;
				COPY_PHASE_STRIP = NO;
				DEBUG_INFORMATION_FORMAT = dwarf;
				ENABLE_STRICT_OBJC_MSGSEND = YES;
				ENABLE_TESTABILITY = YES;
				GCC_C_LANGUAGE_STANDARD = gnu11;
				GCC_DYNAMIC_NO_PIC = NO;
				GCC_NO_COMMON_BLOCKS = YES;
				GCC_OPTIMIZATION_LEVEL = 0;
				GCC_PREPROCESSOR_DEFINITIONS = (
					"DEBUG=1",
					"$(inherited)",
				);
				GCC_WARN_64_TO_32_BIT_CONVERSION = YES;
				GCC_WARN_ABOUT_RETURN_TYPE = YES_ERROR;
				GCC_WARN_UNDECLARED_SELECTOR = YES;
				GCC_WARN_UNINITIALIZED_AUTOS = YES_AGGRESSIVE;
				GCC_WARN_UNUSED_FUNCTION = YES;
				GCC_WARN_UNUSED_VARIABLE = YES;
				IPHONEOS_DEPLOYMENT_TARGET = 12.0;
				MTL_ENABLE_DEBUG_INFO = INCLUDE_SOURCE;
				MTL_FAST_MATH = YES;
				ONLY_ACTIVE_ARCH = YES;
				SDKROOT = iphoneos;
				SWIFT_ACTIVE_COMPILATION_CONDITIONS = DEBUG;
				SWIFT_OPTIMIZATION_LEVEL = "-Onone";
			};
			name = Debug;
		};
		779B27B929026708000F855C /* Release */ = {
			isa = XCBuildConfiguration;
			buildSettings = {
				ALWAYS_SEARCH_USER_PATHS = NO;
				CLANG_ANALYZER_NONNULL = YES;
				CLANG_ANALYZER_NUMBER_OBJECT_CONVERSION = YES_AGGRESSIVE;
				CLANG_CXX_LANGUAGE_STANDARD = "gnu++20";
				CLANG_ENABLE_MODULES = YES;
				CLANG_ENABLE_OBJC_ARC = YES;
				CLANG_ENABLE_OBJC_WEAK = YES;
				CLANG_WARN_BLOCK_CAPTURE_AUTORELEASING = YES;
				CLANG_WARN_BOOL_CONVERSION = YES;
				CLANG_WARN_COMMA = YES;
				CLANG_WARN_CONSTANT_CONVERSION = YES;
				CLANG_WARN_DEPRECATED_OBJC_IMPLEMENTATIONS = YES;
				CLANG_WARN_DIRECT_OBJC_ISA_USAGE = YES_ERROR;
				CLANG_WARN_DOCUMENTATION_COMMENTS = YES;
				CLANG_WARN_EMPTY_BODY = YES;
				CLANG_WARN_ENUM_CONVERSION = YES;
				CLANG_WARN_INFINITE_RECURSION = YES;
				CLANG_WARN_INT_CONVERSION = YES;
				CLANG_WARN_NON_LITERAL_NULL_CONVERSION = YES;
				CLANG_WARN_OBJC_IMPLICIT_RETAIN_SELF = YES;
				CLANG_WARN_OBJC_LITERAL_CONVERSION = YES;
				CLANG_WARN_OBJC_ROOT_CLASS = YES_ERROR;
				CLANG_WARN_QUOTED_INCLUDE_IN_FRAMEWORK_HEADER = YES;
				CLANG_WARN_RANGE_LOOP_ANALYSIS = YES;
				CLANG_WARN_STRICT_PROTOTYPES = YES;
				CLANG_WARN_SUSPICIOUS_MOVE = YES;
				CLANG_WARN_UNGUARDED_AVAILABILITY = YES_AGGRESSIVE;
				CLANG_WARN_UNREACHABLE_CODE = YES;
				CLANG_WARN__DUPLICATE_METHOD_MATCH = YES;
				COPY_PHASE_STRIP = NO;
				DEBUG_INFORMATION_FORMAT = "dwarf-with-dsym";
				ENABLE_NS_ASSERTIONS = NO;
				ENABLE_STRICT_OBJC_MSGSEND = YES;
				GCC_C_LANGUAGE_STANDARD = gnu11;
				GCC_NO_COMMON_BLOCKS = YES;
				GCC_WARN_64_TO_32_BIT_CONVERSION = YES;
				GCC_WARN_ABOUT_RETURN_TYPE = YES_ERROR;
				GCC_WARN_UNDECLARED_SELECTOR = YES;
				GCC_WARN_UNINITIALIZED_AUTOS = YES_AGGRESSIVE;
				GCC_WARN_UNUSED_FUNCTION = YES;
				GCC_WARN_UNUSED_VARIABLE = YES;
				IPHONEOS_DEPLOYMENT_TARGET = 12.0;
				MTL_ENABLE_DEBUG_INFO = NO;
				MTL_FAST_MATH = YES;
				SDKROOT = iphoneos;
				SWIFT_COMPILATION_MODE = wholemodule;
				SWIFT_OPTIMIZATION_LEVEL = "-O";
				VALIDATE_PRODUCT = YES;
			};
			name = Release;
		};
		779B27BB29026708000F855C /* Debug */ = {
			isa = XCBuildConfiguration;
			buildSettings = {
				ASSETCATALOG_COMPILER_APPICON_NAME = AppIcon;
				ASSETCATALOG_COMPILER_GLOBAL_ACCENT_COLOR_NAME = AccentColor;
				CODE_SIGN_STYLE = Automatic;
				CURRENT_PROJECT_VERSION = 1;
				DEVELOPMENT_TEAM = 7J6C95TMNY;
				GENERATE_INFOPLIST_FILE = YES;
				INFOPLIST_FILE = "Test Task #1/SupportingFiles/Info.plist";
				INFOPLIST_KEY_UIApplicationSupportsIndirectInputEvents = YES;
				INFOPLIST_KEY_UILaunchStoryboardName = LaunchScreen;
				INFOPLIST_KEY_UISupportedInterfaceOrientations = UIInterfaceOrientationPortrait;
				INFOPLIST_KEY_UISupportedInterfaceOrientations_iPad = "UIInterfaceOrientationLandscapeLeft UIInterfaceOrientationLandscapeRight UIInterfaceOrientationPortrait UIInterfaceOrientationPortraitUpsideDown";
				IPHONEOS_DEPLOYMENT_TARGET = 12.0;
				LD_RUNPATH_SEARCH_PATHS = (
					"$(inherited)",
					"@executable_path/Frameworks",
				);
				MARKETING_VERSION = 1.0;
				PRODUCT_BUNDLE_IDENTIFIER = "Pavel.Test-Task--1";
				PRODUCT_NAME = "$(TARGET_NAME)";
				SUPPORTED_PLATFORMS = "iphoneos iphonesimulator";
				SUPPORTS_MACCATALYST = NO;
				SUPPORTS_MAC_DESIGNED_FOR_IPHONE_IPAD = NO;
				SWIFT_EMIT_LOC_STRINGS = YES;
				SWIFT_VERSION = 5.0;
				TARGETED_DEVICE_FAMILY = 1;
			};
			name = Debug;
		};
		779B27BC29026708000F855C /* Release */ = {
			isa = XCBuildConfiguration;
			buildSettings = {
				ASSETCATALOG_COMPILER_APPICON_NAME = AppIcon;
				ASSETCATALOG_COMPILER_GLOBAL_ACCENT_COLOR_NAME = AccentColor;
				CODE_SIGN_STYLE = Automatic;
				CURRENT_PROJECT_VERSION = 1;
				DEVELOPMENT_TEAM = 7J6C95TMNY;
				GENERATE_INFOPLIST_FILE = YES;
				INFOPLIST_FILE = "Test Task #1/SupportingFiles/Info.plist";
				INFOPLIST_KEY_UIApplicationSupportsIndirectInputEvents = YES;
				INFOPLIST_KEY_UILaunchStoryboardName = LaunchScreen;
				INFOPLIST_KEY_UISupportedInterfaceOrientations = UIInterfaceOrientationPortrait;
				INFOPLIST_KEY_UISupportedInterfaceOrientations_iPad = "UIInterfaceOrientationLandscapeLeft UIInterfaceOrientationLandscapeRight UIInterfaceOrientationPortrait UIInterfaceOrientationPortraitUpsideDown";
				IPHONEOS_DEPLOYMENT_TARGET = 12.0;
				LD_RUNPATH_SEARCH_PATHS = (
					"$(inherited)",
					"@executable_path/Frameworks",
				);
				MARKETING_VERSION = 1.0;
				PRODUCT_BUNDLE_IDENTIFIER = "Pavel.Test-Task--1";
				PRODUCT_NAME = "$(TARGET_NAME)";
				SUPPORTED_PLATFORMS = "iphoneos iphonesimulator";
				SUPPORTS_MACCATALYST = NO;
				SUPPORTS_MAC_DESIGNED_FOR_IPHONE_IPAD = NO;
				SWIFT_EMIT_LOC_STRINGS = YES;
				SWIFT_VERSION = 5.0;
				TARGETED_DEVICE_FAMILY = 1;
			};
			name = Release;
		};
		779B27BE29026708000F855C /* Debug */ = {
			isa = XCBuildConfiguration;
			buildSettings = {
				ALWAYS_EMBED_SWIFT_STANDARD_LIBRARIES = YES;
				BUNDLE_LOADER = "$(TEST_HOST)";
				CODE_SIGN_STYLE = Automatic;
				CURRENT_PROJECT_VERSION = 1;
				DEVELOPMENT_TEAM = 7J6C95TMNY;
				GENERATE_INFOPLIST_FILE = YES;
				IPHONEOS_DEPLOYMENT_TARGET = 16.0;
				MARKETING_VERSION = 1.0;
				PRODUCT_BUNDLE_IDENTIFIER = "Pavel.Test-Task--1Tests";
				PRODUCT_NAME = "$(TARGET_NAME)";
				SWIFT_EMIT_LOC_STRINGS = NO;
				SWIFT_VERSION = 5.0;
				TARGETED_DEVICE_FAMILY = "1,2";
				TEST_HOST = "$(BUILT_PRODUCTS_DIR)/Test Task #1.app/$(BUNDLE_EXECUTABLE_FOLDER_PATH)/Test Task #1";
			};
			name = Debug;
		};
		779B27BF29026708000F855C /* Release */ = {
			isa = XCBuildConfiguration;
			buildSettings = {
				ALWAYS_EMBED_SWIFT_STANDARD_LIBRARIES = YES;
				BUNDLE_LOADER = "$(TEST_HOST)";
				CODE_SIGN_STYLE = Automatic;
				CURRENT_PROJECT_VERSION = 1;
				DEVELOPMENT_TEAM = 7J6C95TMNY;
				GENERATE_INFOPLIST_FILE = YES;
				IPHONEOS_DEPLOYMENT_TARGET = 16.0;
				MARKETING_VERSION = 1.0;
				PRODUCT_BUNDLE_IDENTIFIER = "Pavel.Test-Task--1Tests";
				PRODUCT_NAME = "$(TARGET_NAME)";
				SWIFT_EMIT_LOC_STRINGS = NO;
				SWIFT_VERSION = 5.0;
				TARGETED_DEVICE_FAMILY = "1,2";
				TEST_HOST = "$(BUILT_PRODUCTS_DIR)/Test Task #1.app/$(BUNDLE_EXECUTABLE_FOLDER_PATH)/Test Task #1";
			};
			name = Release;
		};
		779B27C129026708000F855C /* Debug */ = {
			isa = XCBuildConfiguration;
			buildSettings = {
				ALWAYS_EMBED_SWIFT_STANDARD_LIBRARIES = YES;
				CODE_SIGN_STYLE = Automatic;
				CURRENT_PROJECT_VERSION = 1;
				DEVELOPMENT_TEAM = 7J6C95TMNY;
				GENERATE_INFOPLIST_FILE = YES;
				MARKETING_VERSION = 1.0;
				PRODUCT_BUNDLE_IDENTIFIER = "Pavel.Test-Task--1UITests";
				PRODUCT_NAME = "$(TARGET_NAME)";
				SWIFT_EMIT_LOC_STRINGS = NO;
				SWIFT_VERSION = 5.0;
				TARGETED_DEVICE_FAMILY = "1,2";
				TEST_TARGET_NAME = "Test Task #1";
			};
			name = Debug;
		};
		779B27C229026708000F855C /* Release */ = {
			isa = XCBuildConfiguration;
			buildSettings = {
				ALWAYS_EMBED_SWIFT_STANDARD_LIBRARIES = YES;
				CODE_SIGN_STYLE = Automatic;
				CURRENT_PROJECT_VERSION = 1;
				DEVELOPMENT_TEAM = 7J6C95TMNY;
				GENERATE_INFOPLIST_FILE = YES;
				MARKETING_VERSION = 1.0;
				PRODUCT_BUNDLE_IDENTIFIER = "Pavel.Test-Task--1UITests";
				PRODUCT_NAME = "$(TARGET_NAME)";
				SWIFT_EMIT_LOC_STRINGS = NO;
				SWIFT_VERSION = 5.0;
				TARGETED_DEVICE_FAMILY = "1,2";
				TEST_TARGET_NAME = "Test Task #1";
			};
			name = Release;
		};
/* End XCBuildConfiguration section */

/* Begin XCConfigurationList section */
		779B278B29026701000F855C /* Build configuration list for PBXProject "Test Task #1" */ = {
			isa = XCConfigurationList;
			buildConfigurations = (
				779B27B829026708000F855C /* Debug */,
				779B27B929026708000F855C /* Release */,
			);
			defaultConfigurationIsVisible = 0;
			defaultConfigurationName = Release;
		};
		779B27BA29026708000F855C /* Build configuration list for PBXNativeTarget "Test Task #1" */ = {
			isa = XCConfigurationList;
			buildConfigurations = (
				779B27BB29026708000F855C /* Debug */,
				779B27BC29026708000F855C /* Release */,
			);
			defaultConfigurationIsVisible = 0;
			defaultConfigurationName = Release;
		};
		779B27BD29026708000F855C /* Build configuration list for PBXNativeTarget "Test Task #1Tests" */ = {
			isa = XCConfigurationList;
			buildConfigurations = (
				779B27BE29026708000F855C /* Debug */,
				779B27BF29026708000F855C /* Release */,
			);
			defaultConfigurationIsVisible = 0;
			defaultConfigurationName = Release;
		};
		779B27C029026708000F855C /* Build configuration list for PBXNativeTarget "Test Task #1UITests" */ = {
			isa = XCConfigurationList;
			buildConfigurations = (
				779B27C129026708000F855C /* Debug */,
				779B27C229026708000F855C /* Release */,
			);
			defaultConfigurationIsVisible = 0;
			defaultConfigurationName = Release;
		};
/* End XCConfigurationList section */
	};
	rootObject = 779B278829026701000F855C /* Project object */;
}
